
Microsoft Visual Studio Solution File, Format Version 12.00
Project("{FAE04EC0-301F-11D3-BF4B-00C04F79EFBC}") = "Lira", "Lira\Lira.csproj", "{4594873F-F4FD-4CDB-ABE9-F5F9EB0F5B89}"
EndProject
Global
	GlobalSection(SolutionConfigurationPlatforms) = preSolution
		Debug|Any CPU = Debug|Any CPU
		Release|Any CPU = Release|Any CPU
	EndGlobalSection
	GlobalSection(ProjectConfigurationPlatforms) = postSolution
		{4594873F-F4FD-4CDB-ABE9-F5F9EB0F5B89}.Debug|Any CPU.ActiveCfg = Debug|Any CPU
		{4594873F-F4FD-4CDB-ABE9-F5F9EB0F5B89}.Debug|Any CPU.Build.0 = Debug|Any CPU
		{4594873F-F4FD-4CDB-ABE9-F5F9EB0F5B89}.Release|Any CPU.ActiveCfg = Release|Any CPU
		{4594873F-F4FD-4CDB-ABE9-F5F9EB0F5B89}.Release|Any CPU.Build.0 = Release|Any CPU
	EndGlobalSection
EndGlobal
